
Microsoft Visual Studio Solution File, Format Version 12.00
# Visual Studio Version 17
VisualStudioVersion = 17.9.34622.214
MinimumVisualStudioVersion = 10.0.40219.1
Project("{FAE04EC0-301F-11D3-BF4B-00C04F79EFBC}") = "GameLibrarySQL", "GameLibrarySQL\GameLibrarySQL.csproj", "{FDCB4F74-82BE-4D19-AC5F-344372FC2787}"
EndProject
Global
	GlobalSection(SolutionConfigurationPlatforms) = preSolution
		Debug|Any CPU = Debug|Any CPU
		Release|Any CPU = Release|Any CPU
	EndGlobalSection
	GlobalSection(ProjectConfigurationPlatforms) = postSolution
		{FDCB4F74-82BE-4D19-AC5F-344372FC2787}.Debug|Any CPU.ActiveCfg = Debug|Any CPU
		{FDCB4F74-82BE-4D19-AC5F-344372FC2787}.Debug|Any CPU.Build.0 = Debug|Any CPU
		{FDCB4F74-82BE-4D19-AC5F-344372FC2787}.Release|Any CPU.ActiveCfg = Release|Any CPU
		{FDCB4F74-82BE-4D19-AC5F-344372FC2787}.Release|Any CPU.Build.0 = Release|Any CPU
	EndGlobalSection
	GlobalSection(SolutionProperties) = preSolution
		HideSolutionNode = FALSE
	EndGlobalSection
	GlobalSection(ExtensibilityGlobals) = postSolution
		SolutionGuid = {A77B929A-266C-4FD3-9276-A611D29B9EBC}
	EndGlobalSection
EndGlobal
